
Microsoft Visual Studio Solution File, Format Version 12.00
# Visual Studio Version 17
VisualStudioVersion = 17.0.31903.59
MinimumVisualStudioVersion = 10.0.40219.1
Project("{FAE04EC0-301F-11D3-BF4B-00C04F79EFBC}") = "WebApplication1", "WebApplication1\WebApplication1.csproj", "{FBE195F4-3BD7-432A-8F3F-2FAD2E985247}"
EndProject
Project("{FAE04EC0-301F-11D3-BF4B-00C04F79EFBC}") = "TestProject1", "TestProject1\TestProject1.csproj", "{1C6E8D75-37F8-4060-A9FE-4351A22C0474}"
EndProject
Global
	GlobalSection(SolutionConfigurationPlatforms) = preSolution
		Debug|Any CPU = Debug|Any CPU
		Release|Any CPU = Release|Any CPU
	EndGlobalSection
	GlobalSection(SolutionProperties) = preSolution
		HideSolutionNode = FALSE
	EndGlobalSection
	GlobalSection(ProjectConfigurationPlatforms) = postSolution
		{FBE195F4-3BD7-432A-8F3F-2FAD2E985247}.Debug|Any CPU.ActiveCfg = Debug|Any CPU
		{FBE195F4-3BD7-432A-8F3F-2FAD2E985247}.Debug|Any CPU.Build.0 = Debug|Any CPU
		{FBE195F4-3BD7-432A-8F3F-2FAD2E985247}.Release|Any CPU.ActiveCfg = Release|Any CPU
		{FBE195F4-3BD7-432A-8F3F-2FAD2E985247}.Release|Any CPU.Build.0 = Release|Any CPU
		{1C6E8D75-37F8-4060-A9FE-4351A22C0474}.Debug|Any CPU.ActiveCfg = Debug|Any CPU
		{1C6E8D75-37F8-4060-A9FE-4351A22C0474}.Debug|Any CPU.Build.0 = Debug|Any CPU
		{1C6E8D75-37F8-4060-A9FE-4351A22C0474}.Release|Any CPU.ActiveCfg = Release|Any CPU
		{1C6E8D75-37F8-4060-A9FE-4351A22C0474}.Release|Any CPU.Build.0 = Release|Any CPU
	EndGlobalSection
EndGlobal
